
Microsoft Visual Studio Solution File, Format Version 12.00
# Visual Studio Version 17
VisualStudioVersion = 17.11.35219.272
MinimumVisualStudioVersion = 10.0.40219.1
Project("{9A19103F-16F7-4668-BE54-9A1E7A4F7556}") = "ProductService", "ProductService\ProductService.csproj", "{2E5C4239-AD67-44DE-A0EA-B556903DCB5B}"
EndProject
Project("{9A19103F-16F7-4668-BE54-9A1E7A4F7556}") = "OrderService", "OrderService\OrderService.csproj", "{B886B7BC-7164-4299-A4DC-31494E191901}"
EndProject
Project("{FAE04EC0-301F-11D3-BF4B-00C04F79EFBC}") = "AuthService", "AuthService\AuthService.csproj", "{86ACDC79-B483-479F-B50B-396E925B9A19}"
EndProject
Global
	GlobalSection(SolutionConfigurationPlatforms) = preSolution
		Debug|Any CPU = Debug|Any CPU
		Release|Any CPU = Release|Any CPU
	EndGlobalSection
	GlobalSection(ProjectConfigurationPlatforms) = postSolution
		{2E5C4239-AD67-44DE-A0EA-B556903DCB5B}.Debug|Any CPU.ActiveCfg = Debug|Any CPU
		{2E5C4239-AD67-44DE-A0EA-B556903DCB5B}.Debug|Any CPU.Build.0 = Debug|Any CPU
		{2E5C4239-AD67-44DE-A0EA-B556903DCB5B}.Release|Any CPU.ActiveCfg = Release|Any CPU
		{2E5C4239-AD67-44DE-A0EA-B556903DCB5B}.Release|Any CPU.Build.0 = Release|Any CPU
		{B886B7BC-7164-4299-A4DC-31494E191901}.Debug|Any CPU.ActiveCfg = Debug|Any CPU
		{B886B7BC-7164-4299-A4DC-31494E191901}.Debug|Any CPU.Build.0 = Debug|Any CPU
		{B886B7BC-7164-4299-A4DC-31494E191901}.Release|Any CPU.ActiveCfg = Release|Any CPU
		{B886B7BC-7164-4299-A4DC-31494E191901}.Release|Any CPU.Build.0 = Release|Any CPU
		{86ACDC79-B483-479F-B50B-396E925B9A19}.Debug|Any CPU.ActiveCfg = Debug|Any CPU
		{86ACDC79-B483-479F-B50B-396E925B9A19}.Debug|Any CPU.Build.0 = Debug|Any CPU
		{86ACDC79-B483-479F-B50B-396E925B9A19}.Release|Any CPU.ActiveCfg = Release|Any CPU
		{86ACDC79-B483-479F-B50B-396E925B9A19}.Release|Any CPU.Build.0 = Release|Any CPU
	EndGlobalSection
	GlobalSection(SolutionProperties) = preSolution
		HideSolutionNode = FALSE
	EndGlobalSection
	GlobalSection(ExtensibilityGlobals) = postSolution
		SolutionGuid = {F6E51852-052B-44C0-9C41-DC8B020CAE46}
	EndGlobalSection
EndGlobal
